
Microsoft Visual Studio Solution File, Format Version 12.00
# Visual Studio Version 17
VisualStudioVersion = 17.4.33213.308
MinimumVisualStudioVersion = 10.0.40219.1
Project("{FAE04EC0-301F-11D3-BF4B-00C04F79EFBC}") = "TypesAndVeriables", "TypesAndVeriables\TypesAndVeriables.csproj", "{9C6D1DB5-D616-4762-8A60-14DFF1D42C5A}"
EndProject
Global
	GlobalSection(SolutionConfigurationPlatforms) = preSolution
		Debug|Any CPU = Debug|Any CPU
		Release|Any CPU = Release|Any CPU
	EndGlobalSection
	GlobalSection(ProjectConfigurationPlatforms) = postSolution
		{9C6D1DB5-D616-4762-8A60-14DFF1D42C5A}.Debug|Any CPU.ActiveCfg = Debug|Any CPU
		{9C6D1DB5-D616-4762-8A60-14DFF1D42C5A}.Debug|Any CPU.Build.0 = Debug|Any CPU
		{9C6D1DB5-D616-4762-8A60-14DFF1D42C5A}.Release|Any CPU.ActiveCfg = Release|Any CPU
		{9C6D1DB5-D616-4762-8A60-14DFF1D42C5A}.Release|Any CPU.Build.0 = Release|Any CPU
	EndGlobalSection
	GlobalSection(SolutionProperties) = preSolution
		HideSolutionNode = FALSE
	EndGlobalSection
	GlobalSection(ExtensibilityGlobals) = postSolution
		SolutionGuid = {9CF9FE96-393D-477C-A63D-38862309D502}
	EndGlobalSection
EndGlobal
